{
  "name": "@darkrei08/wizard-ai-cli",
  "version": "0.38.1",
  "lockfileVersion": 3,
  "requires": true,
  "packages": {
    "": {
      "name": "@darkrei08/wizard-ai-cli",
      "version": "0.38.1",
      "license": "AGPL-3.0-only",
      "bin": {
        "ai-proxy": "scripts/ai-proxy.js",
        "pi-agent-setup": "cli.js",
        "wizard-ai": "cli.js",
        "wizard-update": "cli.js"
      },
      "engines": {
        "node": ">=18"
      }
    }
  }
}
