{
  "name": "@darkrei08/wizard-ai-cli",
  "version": "0.27.0",
  "lockfileVersion": 3,
  "requires": true,
  "packages": {
    "": {
      "name": "@darkrei08/wizard-ai-cli",
      "version": "0.27.0",
      "license": "AGPL-3.0-only",
      "dependencies": {
        "@darkrei08/wizard-ai-cli": "^0.19.1"
      },
      "bin": {
        "wizard-ai": "cli.js",
        "wizard-ai-cli": "cli.js"
      },
      "engines": {
        "node": ">=14"
      }
    },
    "node_modules/@darkrei08/wizard-ai-cli": {
      "version": "0.19.1",
      "resolved": "https://registry.npmjs.org/@darkrei08/wizard-ai-cli/-/wizard-ai-cli-0.19.1.tgz",
      "integrity": "sha512-rBF4dptCUqYek+8kueYqQiFj+2ZWCLHv/U3xNFYDOCZ+YAlYTWnNALXI5WY0aNE6MdZbPJMplXgBV28eqcySUg==",
      "license": "AGPL-3.0-only",
      "bin": {
        "wizard-ai": "cli.js"
      },
      "engines": {
        "node": ">=14"
      }
    }
  }
}
